
Microsoft Visual Studio Solution File, Format Version 12.00
# Visual Studio Version 16
VisualStudioVersion = 16.0.29911.84
MinimumVisualStudioVersion = 10.0.40219.1
Project("{FAE04EC0-301F-11D3-BF4B-00C04F79EFBC}") = "MissoftService", "MissoftService\MissoftService.csproj", "{15C8BFA8-0DD5-4BFF-8CC3-1A02287D6B05}"
EndProject
Project("{FAE04EC0-301F-11D3-BF4B-00C04F79EFBC}") = "MisApi", "MisApi\MisApi.csproj", "{7EC86A83-FD0B-4D66-A113-633023998CEF}"
EndProject
Global
	GlobalSection(SolutionConfigurationPlatforms) = preSolution
		Debug|Any CPU = Debug|Any CPU
		Release|Any CPU = Release|Any CPU
	EndGlobalSection
	GlobalSection(ProjectConfigurationPlatforms) = postSolution
		{15C8BFA8-0DD5-4BFF-8CC3-1A02287D6B05}.Debug|Any CPU.ActiveCfg = Debug|Any CPU
		{15C8BFA8-0DD5-4BFF-8CC3-1A02287D6B05}.Debug|Any CPU.Build.0 = Debug|Any CPU
		{15C8BFA8-0DD5-4BFF-8CC3-1A02287D6B05}.Release|Any CPU.ActiveCfg = Release|Any CPU
		{15C8BFA8-0DD5-4BFF-8CC3-1A02287D6B05}.Release|Any CPU.Build.0 = Release|Any CPU
		{7EC86A83-FD0B-4D66-A113-633023998CEF}.Debug|Any CPU.ActiveCfg = Debug|Any CPU
		{7EC86A83-FD0B-4D66-A113-633023998CEF}.Debug|Any CPU.Build.0 = Debug|Any CPU
		{7EC86A83-FD0B-4D66-A113-633023998CEF}.Release|Any CPU.ActiveCfg = Release|Any CPU
		{7EC86A83-FD0B-4D66-A113-633023998CEF}.Release|Any CPU.Build.0 = Release|Any CPU
	EndGlobalSection
	GlobalSection(SolutionProperties) = preSolution
		HideSolutionNode = FALSE
	EndGlobalSection
	GlobalSection(ExtensibilityGlobals) = postSolution
		SolutionGuid = {D3FC2923-AFC7-43E7-813E-3B6B3D818C04}
	EndGlobalSection
EndGlobal
